// !$*UTF8*$!
{
	archiveVersion = 1;
	classes = {
	};
	objectVersion = 46;
	objects = {

/* Begin PBXBuildFile section */
		3B0B9D6A1ABCA2A7004E25EE /* userData.plist in Resources */ = {isa = PBXBuildFile; fileRef = 3B0B9D691ABCA2A7004E25EE /* userData.plist */; };
		3B0B9D701ABCAEF3004E25EE /* StudDAO.swift in Sources */ = {isa = PBXBuildFile; fileRef = 3B0B9D6F1ABCAEF3004E25EE /* StudDAO.swift */; };
		3B2CD4E11ABCC3980085FECB /* Extensions.swift in Sources */ = {isa = PBXBuildFile; fileRef = 3B2CD4E01ABCC3980085FECB /* Extensions.swift */; };
		3B2CD4E31ABCCA750085FECB /* SubjectModel.swift in Sources */ = {isa = PBXBuildFile; fileRef = 3B2CD4E21ABCCA750085FECB /* SubjectModel.swift */; };
		3B301A651AB73C1900665E2E /* Coordinate.m in Sources */ = {isa = PBXBuildFile; fileRef = 3B301A531AB73C1900665E2E /* Coordinate.m */; };
		3B301A681AB73C1900665E2E /* FancyTabBar.m in Sources */ = {isa = PBXBuildFile; fileRef = 3B301A591AB73C1900665E2E /* FancyTabBar.m */; };
		3B301A6B1AB73C1900665E2E /* UIImage+ImageEffects.m in Sources */ = {isa = PBXBuildFile; fileRef = 3B301A5E1AB73C1900665E2E /* UIImage+ImageEffects.m */; };
		3B301A6C1AB73C1900665E2E /* UIView+Screenshot.m in Sources */ = {isa = PBXBuildFile; fileRef = 3B301A601AB73C1900665E2E /* UIView+Screenshot.m */; };
		3B453BDF1AB8CDCC006F9C05 /* TaskVC.swift in Sources */ = {isa = PBXBuildFile; fileRef = 3B453BDE1AB8CDCC006F9C05 /* TaskVC.swift */; };
		3B60529C1ABC828000076DB9 /* ProfessorDAO.swift in Sources */ = {isa = PBXBuildFile; fileRef = 3B60529B1ABC828000076DB9 /* ProfessorDAO.swift */; };
		3B60529E1ABC839900076DB9 /* ProfessorModel.swift in Sources */ = {isa = PBXBuildFile; fileRef = 3B60529D1ABC839900076DB9 /* ProfessorModel.swift */; };
		3B720B831AB771E200C463E8 /* HorizontalTableView.swift in Sources */ = {isa = PBXBuildFile; fileRef = 3B720B821AB771E200C463E8 /* HorizontalTableView.swift */; };
		3B72BABA1AC50BE5004A1F67 /* FirstView.swift in Sources */ = {isa = PBXBuildFile; fileRef = 3B72BAB91AC50BE5004A1F67 /* FirstView.swift */; };
		3B99BF121AC59BD200DE1612 /* TaskModel.swift in Sources */ = {isa = PBXBuildFile; fileRef = 3B99BF111AC59BD200DE1612 /* TaskModel.swift */; };
		3BAF092B1AC04F9C00E2326C /* TaskView.swift in Sources */ = {isa = PBXBuildFile; fileRef = 3BAF092A1AC04F9C00E2326C /* TaskView.swift */; };
		3BAF092D1AC0540400E2326C /* TaskCell.swift in Sources */ = {isa = PBXBuildFile; fileRef = 3BAF092C1AC0540400E2326C /* TaskCell.swift */; };
		3BAF092F1AC058F500E2326C /* CollectionGeneric.swift in Sources */ = {isa = PBXBuildFile; fileRef = 3BAF092E1AC058F500E2326C /* CollectionGeneric.swift */; };
		3BAF09331AC05C4E00E2326C /* CollectionCellGeneric.swift in Sources */ = {isa = PBXBuildFile; fileRef = 3BAF09321AC05C4E00E2326C /* CollectionCellGeneric.swift */; };
		3BAF09391AC0786900E2326C /* InfoGenericView.swift in Sources */ = {isa = PBXBuildFile; fileRef = 3BAF09381AC0786900E2326C /* InfoGenericView.swift */; };
		3BAF093B1AC0816200E2326C /* InfoCellGeneric.swift in Sources */ = {isa = PBXBuildFile; fileRef = 3BAF093A1AC0816200E2326C /* InfoCellGeneric.swift */; };
		3BAF093D1AC08B0500E2326C /* StudentView.swift in Sources */ = {isa = PBXBuildFile; fileRef = 3BAF093C1AC08B0500E2326C /* StudentView.swift */; };
		3BAF093F1AC093D900E2326C /* StudentCell.swift in Sources */ = {isa = PBXBuildFile; fileRef = 3BAF093E1AC093D900E2326C /* StudentCell.swift */; };
		3BAF09431AC0AB8A00E2326C /* SubjectDAO.swift in Sources */ = {isa = PBXBuildFile; fileRef = 3BAF09421AC0AB8A00E2326C /* SubjectDAO.swift */; };
		3BBA49A61AC716DE00785F44 /* NotesListView.swift in Sources */ = {isa = PBXBuildFile; fileRef = 3BBA49A51AC716DE00785F44 /* NotesListView.swift */; };
		3BD7E9441AB75B1D00238ECE /* Images.xcassets in Resources */ = {isa = PBXBuildFile; fileRef = 3BD7E9431AB75B1D00238ECE /* Images.xcassets */; };
		3BD92D641AC1E9E7001F2B27 /* NoteDAO.swift in Sources */ = {isa = PBXBuildFile; fileRef = 3BD92D631AC1E9E7001F2B27 /* NoteDAO.swift */; };
		3BD92D661AC1EB39001F2B27 /* NoteModel.swift in Sources */ = {isa = PBXBuildFile; fileRef = 3BD92D651AC1EB39001F2B27 /* NoteModel.swift */; };
		3BD92D681AC1F82A001F2B27 /* AddNoteView.swift in Sources */ = {isa = PBXBuildFile; fileRef = 3BD92D671AC1F82A001F2B27 /* AddNoteView.swift */; };
		3BDCB1491AC6184500865AFC /* StudNC.swift in Sources */ = {isa = PBXBuildFile; fileRef = 3BDCB1481AC6184500865AFC /* StudNC.swift */; };
		3BDCB14B1AC61C9400865AFC /* OptionsView.swift in Sources */ = {isa = PBXBuildFile; fileRef = 3BDCB14A1AC61C9400865AFC /* OptionsView.swift */; };
		3BF68A2D1ACC8CDA0082CD54 /* StudUtils.swift in Sources */ = {isa = PBXBuildFile; fileRef = 3BF68A2C1ACC8CDA0082CD54 /* StudUtils.swift */; };
		B930CDC01ACDD37D00040F8A /* AddProfessorVC.swift in Sources */ = {isa = PBXBuildFile; fileRef = B930CDBF1ACDD37D00040F8A /* AddProfessorVC.swift */; };
		B9B0D02A1AD19CDA00C9CDB3 /* AddSubjectView.swift in Sources */ = {isa = PBXBuildFile; fileRef = B9B0D0291AD19CDA00C9CDB3 /* AddSubjectView.swift */; };
		B9C3661E1AC5F1AD007D6567 /* NotesListVC.swift in Sources */ = {isa = PBXBuildFile; fileRef = B9C3661D1AC5F1AD007D6567 /* NotesListVC.swift */; };
		B9CADCBE1AD0F89200D31780 /* AddTaskVC.swift in Sources */ = {isa = PBXBuildFile; fileRef = B9CADCBD1AD0F89200D31780 /* AddTaskVC.swift */; };
		B9CADCC01AD0F8BD00D31780 /* AddTaskView.swift in Sources */ = {isa = PBXBuildFile; fileRef = B9CADCBF1AD0F8BD00D31780 /* AddTaskView.swift */; };
		C91CF2DA1ACB3177003B50EA /* TaskDAO.swift in Sources */ = {isa = PBXBuildFile; fileRef = C91CF2D91ACB3177003B50EA /* TaskDAO.swift */; };
		C9A186D91AD3933D00615C0D /* PopDatePicker.swift in Sources */ = {isa = PBXBuildFile; fileRef = C9A186D61AD3933D00615C0D /* PopDatePicker.swift */; };
		C9A186DA1AD3933D00615C0D /* PopDateViewController.swift in Sources */ = {isa = PBXBuildFile; fileRef = C9A186D71AD3933D00615C0D /* PopDateViewController.swift */; };
		C9A186DB1AD3933D00615C0D /* PopDateViewController.xib in Resources */ = {isa = PBXBuildFile; fileRef = C9A186D81AD3933D00615C0D /* PopDateViewController.xib */; };
		FD0F47DA1AD09B21007AA029 /* ImagePickVC.swift in Sources */ = {isa = PBXBuildFile; fileRef = FD0F47D91AD09B21007AA029 /* ImagePickVC.swift */; };
		FD0F47DC1AD0CC7E007AA029 /* AddProfessorView.swift in Sources */ = {isa = PBXBuildFile; fileRef = FD0F47DB1AD0CC7E007AA029 /* AddProfessorView.swift */; };
		FD0F8EBD1AD421DA00394097 /* AddSubjectVC.swift in Sources */ = {isa = PBXBuildFile; fileRef = FD0F8EBC1AD421DA00394097 /* AddSubjectVC.swift */; };
		FD248C1E1ABE2AAD00E27DCC /* ProfessorInfoVC.swift in Sources */ = {isa = PBXBuildFile; fileRef = FD248C1C1ABE2AAD00E27DCC /* ProfessorInfoVC.swift */; };
		FD248C1F1ABE2AAD00E27DCC /* ProfessorsVC.swift in Sources */ = {isa = PBXBuildFile; fileRef = FD248C1D1ABE2AAD00E27DCC /* ProfessorsVC.swift */; };
		FD80C5E21AB9E64F00356413 /* AddNotesVC.swift in Sources */ = {isa = PBXBuildFile; fileRef = FD80C5DE1AB9E64F00356413 /* AddNotesVC.swift */; };
		FD80C5E41AB9E64F00356413 /* SubjectInfoVC.swift in Sources */ = {isa = PBXBuildFile; fileRef = FD80C5E01AB9E64F00356413 /* SubjectInfoVC.swift */; };
		FD80C5E51AB9E64F00356413 /* SubjectsVC.swift in Sources */ = {isa = PBXBuildFile; fileRef = FD80C5E11AB9E64F00356413 /* SubjectsVC.swift */; };
		FDA8A79C1AB3704E00DF8ADB /* StudentVC.swift in Sources */ = {isa = PBXBuildFile; fileRef = FDA8A79B1AB3704E00DF8ADB /* StudentVC.swift */; };
		FDB1C4C71AB0C4A100831BED /* AppDelegate.swift in Sources */ = {isa = PBXBuildFile; fileRef = FDB1C4C61AB0C4A100831BED /* AppDelegate.swift */; };
		FDB1C4C91AB0C4A100831BED /* FirstVC.swift in Sources */ = {isa = PBXBuildFile; fileRef = FDB1C4C81AB0C4A100831BED /* FirstVC.swift */; };
		FDB1C4CC1AB0C4A100831BED /* Main.storyboard in Resources */ = {isa = PBXBuildFile; fileRef = FDB1C4CA1AB0C4A100831BED /* Main.storyboard */; };
		FDB1C4D11AB0C4A100831BED /* LaunchScreen.xib in Resources */ = {isa = PBXBuildFile; fileRef = FDB1C4CF1AB0C4A100831BED /* LaunchScreen.xib */; };
/* End PBXBuildFile section */

/* Begin PBXContainerItemProxy section */
		FDB1C4D71AB0C4A100831BED /* PBXContainerItemProxy */ = {
			isa = PBXContainerItemProxy;
			containerPortal = FDB1C4B91AB0C4A100831BED /* Project object */;
			proxyType = 1;
			remoteGlobalIDString = FDB1C4C01AB0C4A100831BED;
			remoteInfo = EduOrganizer;
		};
/* End PBXContainerItemProxy section */

/* Begin PBXFileReference section */
		3B0B9D691ABCA2A7004E25EE /* userData.plist */ = {isa = PBXFileReference; lastKnownFileType = file.bplist; path = userData.plist; sourceTree = "<group>"; };
		3B0B9D6F1ABCAEF3004E25EE /* StudDAO.swift */ = {isa = PBXFileReference; fileEncoding = 4; lastKnownFileType = sourcecode.swift; path = StudDAO.swift; sourceTree = "<group>"; };
		3B2CD4E01ABCC3980085FECB /* Extensions.swift */ = {isa = PBXFileReference; fileEncoding = 4; lastKnownFileType = sourcecode.swift; path = Extensions.swift; sourceTree = "<group>"; };
		3B2CD4E21ABCCA750085FECB /* SubjectModel.swift */ = {isa = PBXFileReference; fileEncoding = 4; lastKnownFileType = sourcecode.swift; path = SubjectModel.swift; sourceTree = "<group>"; };
		3B301A4A1AB73BBA00665E2E /* EduOrganizer-Bridging-Header.h */ = {isa = PBXFileReference; lastKnownFileType = sourcecode.c.h; path = "EduOrganizer-Bridging-Header.h"; sourceTree = "<group>"; };
		3B301A521AB73C1900665E2E /* Coordinate.h */ = {isa = PBXFileReference; fileEncoding = 4; lastKnownFileType = sourcecode.c.h; path = Coordinate.h; sourceTree = "<group>"; };
		3B301A531AB73C1900665E2E /* Coordinate.m */ = {isa = PBXFileReference; fileEncoding = 4; lastKnownFileType = sourcecode.c.objc; path = Coordinate.m; sourceTree = "<group>"; };
		3B301A581AB73C1900665E2E /* FancyTabBar.h */ = {isa = PBXFileReference; fileEncoding = 4; lastKnownFileType = sourcecode.c.h; path = FancyTabBar.h; sourceTree = "<group>"; };
		3B301A591AB73C1900665E2E /* FancyTabBar.m */ = {isa = PBXFileReference; fileEncoding = 4; lastKnownFileType = sourcecode.c.objc; path = FancyTabBar.m; sourceTree = "<group>"; };
		3B301A5D1AB73C1900665E2E /* UIImage+ImageEffects.h */ = {isa = PBXFileReference; fileEncoding = 4; lastKnownFileType = sourcecode.c.h; path = "UIImage+ImageEffects.h"; sourceTree = "<group>"; };
		3B301A5E1AB73C1900665E2E /* UIImage+ImageEffects.m */ = {isa = PBXFileReference; fileEncoding = 4; lastKnownFileType = sourcecode.c.objc; path = "UIImage+ImageEffects.m"; sourceTree = "<group>"; };
		3B301A5F1AB73C1900665E2E /* UIView+Screenshot.h */ = {isa = PBXFileReference; fileEncoding = 4; lastKnownFileType = sourcecode.c.h; path = "UIView+Screenshot.h"; sourceTree = "<group>"; };
		3B301A601AB73C1900665E2E /* UIView+Screenshot.m */ = {isa = PBXFileReference; fileEncoding = 4; lastKnownFileType = sourcecode.c.objc; path = "UIView+Screenshot.m"; sourceTree = "<group>"; };
		3B453BDE1AB8CDCC006F9C05 /* TaskVC.swift */ = {isa = PBXFileReference; fileEncoding = 4; lastKnownFileType = sourcecode.swift; path = TaskVC.swift; sourceTree = "<group>"; };
		3B60529B1ABC828000076DB9 /* ProfessorDAO.swift */ = {isa = PBXFileReference; fileEncoding = 4; lastKnownFileType = sourcecode.swift; path = ProfessorDAO.swift; sourceTree = "<group>"; };
		3B60529D1ABC839900076DB9 /* ProfessorModel.swift */ = {isa = PBXFileReference; fileEncoding = 4; lastKnownFileType = sourcecode.swift; path = ProfessorModel.swift; sourceTree = "<group>"; };
		3B720B821AB771E200C463E8 /* HorizontalTableView.swift */ = {isa = PBXFileReference; fileEncoding = 4; lastKnownFileType = sourcecode.swift; path = HorizontalTableView.swift; sourceTree = "<group>"; };
		3B72BAB91AC50BE5004A1F67 /* FirstView.swift */ = {isa = PBXFileReference; fileEncoding = 4; lastKnownFileType = sourcecode.swift; path = FirstView.swift; sourceTree = "<group>"; };
		3B99BF111AC59BD200DE1612 /* TaskModel.swift */ = {isa = PBXFileReference; fileEncoding = 4; lastKnownFileType = sourcecode.swift; path = TaskModel.swift; sourceTree = "<group>"; };
		3BAF092A1AC04F9C00E2326C /* TaskView.swift */ = {isa = PBXFileReference; fileEncoding = 4; lastKnownFileType = sourcecode.swift; path = TaskView.swift; sourceTree = "<group>"; };
		3BAF092C1AC0540400E2326C /* TaskCell.swift */ = {isa = PBXFileReference; fileEncoding = 4; lastKnownFileType = sourcecode.swift; path = TaskCell.swift; sourceTree = "<group>"; };
		3BAF092E1AC058F500E2326C /* CollectionGeneric.swift */ = {isa = PBXFileReference; fileEncoding = 4; lastKnownFileType = sourcecode.swift; path = CollectionGeneric.swift; sourceTree = "<group>"; };
		3BAF09321AC05C4E00E2326C /* CollectionCellGeneric.swift */ = {isa = PBXFileReference; fileEncoding = 4; lastKnownFileType = sourcecode.swift; path = CollectionCellGeneric.swift; sourceTree = "<group>"; };
		3BAF09381AC0786900E2326C /* InfoGenericView.swift */ = {isa = PBXFileReference; fileEncoding = 4; lastKnownFileType = sourcecode.swift; path = InfoGenericView.swift; sourceTree = "<group>"; };
		3BAF093A1AC0816200E2326C /* InfoCellGeneric.swift */ = {isa = PBXFileReference; fileEncoding = 4; lastKnownFileType = sourcecode.swift; path = InfoCellGeneric.swift; sourceTree = "<group>"; };
		3BAF093C1AC08B0500E2326C /* StudentView.swift */ = {isa = PBXFileReference; fileEncoding = 4; lastKnownFileType = sourcecode.swift; path = StudentView.swift; sourceTree = "<group>"; };
		3BAF093E1AC093D900E2326C /* StudentCell.swift */ = {isa = PBXFileReference; fileEncoding = 4; lastKnownFileType = sourcecode.swift; path = StudentCell.swift; sourceTree = "<group>"; };
		3BAF09421AC0AB8A00E2326C /* SubjectDAO.swift */ = {isa = PBXFileReference; fileEncoding = 4; lastKnownFileType = sourcecode.swift; path = SubjectDAO.swift; sourceTree = "<group>"; };
		3BBA49A51AC716DE00785F44 /* NotesListView.swift */ = {isa = PBXFileReference; fileEncoding = 4; lastKnownFileType = sourcecode.swift; path = NotesListView.swift; sourceTree = "<group>"; };
		3BD7E9421AB7486600238ECE /* FancyTabBarDelegate.h */ = {isa = PBXFileReference; fileEncoding = 4; lastKnownFileType = sourcecode.c.h; path = FancyTabBarDelegate.h; sourceTree = "<group>"; };
		3BD7E9431AB75B1D00238ECE /* Images.xcassets */ = {isa = PBXFileReference; lastKnownFileType = folder.assetcatalog; path = Images.xcassets; sourceTree = "<group>"; };
		3BD92D631AC1E9E7001F2B27 /* NoteDAO.swift */ = {isa = PBXFileReference; fileEncoding = 4; lastKnownFileType = sourcecode.swift; path = NoteDAO.swift; sourceTree = "<group>"; };
		3BD92D651AC1EB39001F2B27 /* NoteModel.swift */ = {isa = PBXFileReference; fileEncoding = 4; lastKnownFileType = sourcecode.swift; path = NoteModel.swift; sourceTree = "<group>"; };
		3BD92D671AC1F82A001F2B27 /* AddNoteView.swift */ = {isa = PBXFileReference; fileEncoding = 4; lastKnownFileType = sourcecode.swift; path = AddNoteView.swift; sourceTree = "<group>"; };
		3BDCB1481AC6184500865AFC /* StudNC.swift */ = {isa = PBXFileReference; fileEncoding = 4; lastKnownFileType = sourcecode.swift; path = StudNC.swift; sourceTree = "<group>"; };
		3BDCB14A1AC61C9400865AFC /* OptionsView.swift */ = {isa = PBXFileReference; fileEncoding = 4; lastKnownFileType = sourcecode.swift; path = OptionsView.swift; sourceTree = "<group>"; };
		3BF68A2C1ACC8CDA0082CD54 /* StudUtils.swift */ = {isa = PBXFileReference; fileEncoding = 4; lastKnownFileType = sourcecode.swift; path = StudUtils.swift; sourceTree = "<group>"; };
		B930CDBF1ACDD37D00040F8A /* AddProfessorVC.swift */ = {isa = PBXFileReference; fileEncoding = 4; lastKnownFileType = sourcecode.swift; path = AddProfessorVC.swift; sourceTree = "<group>"; };
		B9B0D0291AD19CDA00C9CDB3 /* AddSubjectView.swift */ = {isa = PBXFileReference; fileEncoding = 4; lastKnownFileType = sourcecode.swift; path = AddSubjectView.swift; sourceTree = "<group>"; };
		B9C3661D1AC5F1AD007D6567 /* NotesListVC.swift */ = {isa = PBXFileReference; fileEncoding = 4; lastKnownFileType = sourcecode.swift; path = NotesListVC.swift; sourceTree = "<group>"; };
		B9CADCBD1AD0F89200D31780 /* AddTaskVC.swift */ = {isa = PBXFileReference; fileEncoding = 4; lastKnownFileType = sourcecode.swift; path = AddTaskVC.swift; sourceTree = "<group>"; };
		B9CADCBF1AD0F8BD00D31780 /* AddTaskView.swift */ = {isa = PBXFileReference; fileEncoding = 4; lastKnownFileType = sourcecode.swift; path = AddTaskView.swift; sourceTree = "<group>"; };
		C91CF2D91ACB3177003B50EA /* TaskDAO.swift */ = {isa = PBXFileReference; fileEncoding = 4; lastKnownFileType = sourcecode.swift; path = TaskDAO.swift; sourceTree = "<group>"; };
		C9A186D61AD3933D00615C0D /* PopDatePicker.swift */ = {isa = PBXFileReference; fileEncoding = 4; lastKnownFileType = sourcecode.swift; path = PopDatePicker.swift; sourceTree = "<group>"; };
		C9A186D71AD3933D00615C0D /* PopDateViewController.swift */ = {isa = PBXFileReference; fileEncoding = 4; lastKnownFileType = sourcecode.swift; path = PopDateViewController.swift; sourceTree = "<group>"; };
		C9A186D81AD3933D00615C0D /* PopDateViewController.xib */ = {isa = PBXFileReference; fileEncoding = 4; lastKnownFileType = file.xib; path = PopDateViewController.xib; sourceTree = "<group>"; };
		FD0F47D91AD09B21007AA029 /* ImagePickVC.swift */ = {isa = PBXFileReference; fileEncoding = 4; lastKnownFileType = sourcecode.swift; path = ImagePickVC.swift; sourceTree = "<group>"; };
		FD0F47DB1AD0CC7E007AA029 /* AddProfessorView.swift */ = {isa = PBXFileReference; fileEncoding = 4; lastKnownFileType = sourcecode.swift; path = AddProfessorView.swift; sourceTree = "<group>"; };
		FD0F8EBC1AD421DA00394097 /* AddSubjectVC.swift */ = {isa = PBXFileReference; fileEncoding = 4; lastKnownFileType = sourcecode.swift; path = AddSubjectVC.swift; sourceTree = "<group>"; };
		FD248C1C1ABE2AAD00E27DCC /* ProfessorInfoVC.swift */ = {isa = PBXFileReference; fileEncoding = 4; lastKnownFileType = sourcecode.swift; path = ProfessorInfoVC.swift; sourceTree = "<group>"; };
		FD248C1D1ABE2AAD00E27DCC /* ProfessorsVC.swift */ = {isa = PBXFileReference; fileEncoding = 4; lastKnownFileType = sourcecode.swift; path = ProfessorsVC.swift; sourceTree = "<group>"; };
		FD80C5DE1AB9E64F00356413 /* AddNotesVC.swift */ = {isa = PBXFileReference; fileEncoding = 4; lastKnownFileType = sourcecode.swift; path = AddNotesVC.swift; sourceTree = "<group>"; };
		FD80C5E01AB9E64F00356413 /* SubjectInfoVC.swift */ = {isa = PBXFileReference; fileEncoding = 4; lastKnownFileType = sourcecode.swift; path = SubjectInfoVC.swift; sourceTree = "<group>"; };
		FD80C5E11AB9E64F00356413 /* SubjectsVC.swift */ = {isa = PBXFileReference; fileEncoding = 4; lastKnownFileType = sourcecode.swift; path = SubjectsVC.swift; sourceTree = "<group>"; };
		FDA8A79B1AB3704E00DF8ADB /* StudentVC.swift */ = {isa = PBXFileReference; fileEncoding = 4; lastKnownFileType = sourcecode.swift; path = StudentVC.swift; sourceTree = "<group>"; };
		FDB1C4C11AB0C4A100831BED /* Stud.app */ = {isa = PBXFileReference; explicitFileType = wrapper.application; includeInIndex = 0; path = Stud.app; sourceTree = BUILT_PRODUCTS_DIR; };
		FDB1C4C51AB0C4A100831BED /* Info.plist */ = {isa = PBXFileReference; lastKnownFileType = text.plist.xml; path = Info.plist; sourceTree = "<group>"; };
		FDB1C4C61AB0C4A100831BED /* AppDelegate.swift */ = {isa = PBXFileReference; lastKnownFileType = sourcecode.swift; path = AppDelegate.swift; sourceTree = "<group>"; };
		FDB1C4C81AB0C4A100831BED /* FirstVC.swift */ = {isa = PBXFileReference; lastKnownFileType = sourcecode.swift; path = FirstVC.swift; sourceTree = "<group>"; };
		FDB1C4CB1AB0C4A100831BED /* Base */ = {isa = PBXFileReference; lastKnownFileType = file.storyboard; name = Base; path = Base.lproj/Main.storyboard; sourceTree = "<group>"; };
		FDB1C4D01AB0C4A100831BED /* Base */ = {isa = PBXFileReference; lastKnownFileType = file.xib; name = Base; path = Base.lproj/LaunchScreen.xib; sourceTree = "<group>"; };
		FDB1C4D61AB0C4A100831BED /* StudTests.xctest */ = {isa = PBXFileReference; explicitFileType = wrapper.cfbundle; includeInIndex = 0; path = StudTests.xctest; sourceTree = BUILT_PRODUCTS_DIR; };
/* End PBXFileReference section */

/* Begin PBXFrameworksBuildPhase section */
		FDB1C4BE1AB0C4A100831BED /* Frameworks */ = {
			isa = PBXFrameworksBuildPhase;
			buildActionMask = 2147483647;
			files = (
			);
			runOnlyForDeploymentPostprocessing = 0;
		};
		FDB1C4D31AB0C4A100831BED /* Frameworks */ = {
			isa = PBXFrameworksBuildPhase;
			buildActionMask = 2147483647;
			files = (
			);
			runOnlyForDeploymentPostprocessing = 0;
		};
/* End PBXFrameworksBuildPhase section */

/* Begin PBXGroup section */
		3B0B9D6B1ABCA9AD004E25EE /* Model */ = {
			isa = PBXGroup;
			children = (
				3B0B9D711ABCB4FC004E25EE /* DAO */,
				3B60529D1ABC839900076DB9 /* ProfessorModel.swift */,
				3B2CD4E21ABCCA750085FECB /* SubjectModel.swift */,
				3BD92D651AC1EB39001F2B27 /* NoteModel.swift */,
				3B99BF111AC59BD200DE1612 /* TaskModel.swift */,
			);
			name = Model;
			sourceTree = "<group>";
		};
		3B0B9D6C1ABCA9B8004E25EE /* View */ = {
			isa = PBXGroup;
			children = (
				3BD7E9431AB75B1D00238ECE /* Images.xcassets */,
				FDB1C4CA1AB0C4A100831BED /* Main.storyboard */,
				FDB1C4CF1AB0C4A100831BED /* LaunchScreen.xib */,
				3B2CD4E01ABCC3980085FECB /* Extensions.swift */,
				3BAF092A1AC04F9C00E2326C /* TaskView.swift */,
				3BAF092C1AC0540400E2326C /* TaskCell.swift */,
				3BAF092E1AC058F500E2326C /* CollectionGeneric.swift */,
				3BAF09321AC05C4E00E2326C /* CollectionCellGeneric.swift */,
				3BAF09381AC0786900E2326C /* InfoGenericView.swift */,
				3BAF093A1AC0816200E2326C /* InfoCellGeneric.swift */,
				3BAF093C1AC08B0500E2326C /* StudentView.swift */,
				3BAF093E1AC093D900E2326C /* StudentCell.swift */,
				3BD92D671AC1F82A001F2B27 /* AddNoteView.swift */,
				3B72BAB91AC50BE5004A1F67 /* FirstView.swift */,
				3BDCB14A1AC61C9400865AFC /* OptionsView.swift */,
				3BBA49A51AC716DE00785F44 /* NotesListView.swift */,
				FD0F47DB1AD0CC7E007AA029 /* AddProfessorView.swift */,
				B9CADCBF1AD0F8BD00D31780 /* AddTaskView.swift */,
				B9B0D0291AD19CDA00C9CDB3 /* AddSubjectView.swift */,
			);
			name = View;
			sourceTree = "<group>";
		};
		3B0B9D6D1ABCA9C4004E25EE /* Controller */ = {
			isa = PBXGroup;
			children = (
				3BDCB1481AC6184500865AFC /* StudNC.swift */,
				FD80C5E11AB9E64F00356413 /* SubjectsVC.swift */,
				FD80C5E01AB9E64F00356413 /* SubjectInfoVC.swift */,
				FDA8A79B1AB3704E00DF8ADB /* StudentVC.swift */,
				FDB1C4C81AB0C4A100831BED /* FirstVC.swift */,
				3B453BDE1AB8CDCC006F9C05 /* TaskVC.swift */,
				FDB1C4C61AB0C4A100831BED /* AppDelegate.swift */,
				FD248C1C1ABE2AAD00E27DCC /* ProfessorInfoVC.swift */,
				FD248C1D1ABE2AAD00E27DCC /* ProfessorsVC.swift */,
				B9C3661D1AC5F1AD007D6567 /* NotesListVC.swift */,
				FD80C5DE1AB9E64F00356413 /* AddNotesVC.swift */,
				B930CDBF1ACDD37D00040F8A /* AddProfessorVC.swift */,
				B9CADCBD1AD0F89200D31780 /* AddTaskVC.swift */,
				FD0F8EBC1AD421DA00394097 /* AddSubjectVC.swift */,
				FD0F47D91AD09B21007AA029 /* ImagePickVC.swift */,
			);
			name = Controller;
			sourceTree = "<group>";
		};
		3B0B9D6E1ABCAA52004E25EE /* libs */ = {
			isa = PBXGroup;
			children = (
				C9A186D51AD3932300615C0D /* PopDateController */,
				3B720B811AB7717300C463E8 /* HorizontalListView */,
				3B301A4D1AB73C1900665E2E /* FancyTabBar */,
			);
			name = libs;
			sourceTree = "<group>";
		};
		3B0B9D711ABCB4FC004E25EE /* DAO */ = {
			isa = PBXGroup;
			children = (
				3BF68A2C1ACC8CDA0082CD54 /* StudUtils.swift */,
				3BD92D631AC1E9E7001F2B27 /* NoteDAO.swift */,
				3B0B9D6F1ABCAEF3004E25EE /* StudDAO.swift */,
				3B60529B1ABC828000076DB9 /* ProfessorDAO.swift */,
				3BAF09421AC0AB8A00E2326C /* SubjectDAO.swift */,
				C91CF2D91ACB3177003B50EA /* TaskDAO.swift */,
			);
			name = DAO;
			sourceTree = "<group>";
		};
		3B301A4D1AB73C1900665E2E /* FancyTabBar */ = {
			isa = PBXGroup;
			children = (
				3BD7E9421AB7486600238ECE /* FancyTabBarDelegate.h */,
				3B301A521AB73C1900665E2E /* Coordinate.h */,
				3B301A531AB73C1900665E2E /* Coordinate.m */,
				3B301A581AB73C1900665E2E /* FancyTabBar.h */,
				3B301A591AB73C1900665E2E /* FancyTabBar.m */,
				3B301A5D1AB73C1900665E2E /* UIImage+ImageEffects.h */,
				3B301A5E1AB73C1900665E2E /* UIImage+ImageEffects.m */,
				3B301A5F1AB73C1900665E2E /* UIView+Screenshot.h */,
				3B301A601AB73C1900665E2E /* UIView+Screenshot.m */,
			);
			path = FancyTabBar;
			sourceTree = "<group>";
		};
		3B720B811AB7717300C463E8 /* HorizontalListView */ = {
			isa = PBXGroup;
			children = (
				3B720B821AB771E200C463E8 /* HorizontalTableView.swift */,
			);
			name = HorizontalListView;
			sourceTree = "<group>";
		};
		C9A186D51AD3932300615C0D /* PopDateController */ = {
			isa = PBXGroup;
			children = (
				C9A186D61AD3933D00615C0D /* PopDatePicker.swift */,
				C9A186D71AD3933D00615C0D /* PopDateViewController.swift */,
				C9A186D81AD3933D00615C0D /* PopDateViewController.xib */,
			);
			name = PopDateController;
			sourceTree = "<group>";
		};
		FDB1C4B81AB0C4A100831BED = {
			isa = PBXGroup;
			children = (
				FDB1C4C31AB0C4A100831BED /* Stud */,
				FDB1C4C21AB0C4A100831BED /* Products */,
			);
			sourceTree = "<group>";
		};
		FDB1C4C21AB0C4A100831BED /* Products */ = {
			isa = PBXGroup;
			children = (
				FDB1C4C11AB0C4A100831BED /* Stud.app */,
				FDB1C4D61AB0C4A100831BED /* StudTests.xctest */,
			);
			name = Products;
			sourceTree = "<group>";
		};
		FDB1C4C31AB0C4A100831BED /* Stud */ = {
			isa = PBXGroup;
			children = (
				3B0B9D6E1ABCAA52004E25EE /* libs */,
				3B0B9D6D1ABCA9C4004E25EE /* Controller */,
				3B0B9D6C1ABCA9B8004E25EE /* View */,
				3B0B9D6B1ABCA9AD004E25EE /* Model */,
				FDB1C4C41AB0C4A100831BED /* Supporting Files */,
			);
			name = Stud;
			path = EduOrganizer;
			sourceTree = "<group>";
		};
		FDB1C4C41AB0C4A100831BED /* Supporting Files */ = {
			isa = PBXGroup;
			children = (
				3B301A4A1AB73BBA00665E2E /* EduOrganizer-Bridging-Header.h */,
				FDB1C4C51AB0C4A100831BED /* Info.plist */,
				3B0B9D691ABCA2A7004E25EE /* userData.plist */,
			);
			name = "Supporting Files";
			sourceTree = "<group>";
		};
/* End PBXGroup section */

/* Begin PBXNativeTarget section */
		FDB1C4C01AB0C4A100831BED /* Stud */ = {
			isa = PBXNativeTarget;
			buildConfigurationList = FDB1C4E01AB0C4A100831BED /* Build configuration list for PBXNativeTarget "Stud" */;
			buildPhases = (
				FDB1C4BD1AB0C4A100831BED /* Sources */,
				FDB1C4BE1AB0C4A100831BED /* Frameworks */,
				FDB1C4BF1AB0C4A100831BED /* Resources */,
			);
			buildRules = (
			);
			dependencies = (
			);
			name = Stud;
			productName = EduOrganizer;
			productReference = FDB1C4C11AB0C4A100831BED /* Stud.app */;
			productType = "com.apple.product-type.application";
		};
		FDB1C4D51AB0C4A100831BED /* StudTests */ = {
			isa = PBXNativeTarget;
			buildConfigurationList = FDB1C4E31AB0C4A100831BED /* Build configuration list for PBXNativeTarget "StudTests" */;
			buildPhases = (
				FDB1C4D21AB0C4A100831BED /* Sources */,
				FDB1C4D31AB0C4A100831BED /* Frameworks */,
				FDB1C4D41AB0C4A100831BED /* Resources */,
			);
			buildRules = (
			);
			dependencies = (
				FDB1C4D81AB0C4A100831BED /* PBXTargetDependency */,
			);
			name = StudTests;
			productName = EduOrganizerTests;
			productReference = FDB1C4D61AB0C4A100831BED /* StudTests.xctest */;
			productType = "com.apple.product-type.bundle.unit-test";
		};
/* End PBXNativeTarget section */

/* Begin PBXProject section */
		FDB1C4B91AB0C4A100831BED /* Project object */ = {
			isa = PBXProject;
			attributes = {
				LastUpgradeCheck = 0610;
				ORGANIZATIONNAME = "Pietro Ribeiro Pepe";
				TargetAttributes = {
					FDB1C4C01AB0C4A100831BED = {
						CreatedOnToolsVersion = 6.1.1;
						DevelopmentTeam = P7XPUAZMB8;
					};
					FDB1C4D51AB0C4A100831BED = {
						CreatedOnToolsVersion = 6.1.1;
						TestTargetID = FDB1C4C01AB0C4A100831BED;
					};
				};
			};
			buildConfigurationList = FDB1C4BC1AB0C4A100831BED /* Build configuration list for PBXProject "Stud" */;
			compatibilityVersion = "Xcode 3.2";
			developmentRegion = English;
			hasScannedForEncodings = 0;
			knownRegions = (
				en,
				Base,
			);
			mainGroup = FDB1C4B81AB0C4A100831BED;
			productRefGroup = FDB1C4C21AB0C4A100831BED /* Products */;
			projectDirPath = "";
			projectRoot = "";
			targets = (
				FDB1C4C01AB0C4A100831BED /* Stud */,
				FDB1C4D51AB0C4A100831BED /* StudTests */,
			);
		};
/* End PBXProject section */

/* Begin PBXResourcesBuildPhase section */
		FDB1C4BF1AB0C4A100831BED /* Resources */ = {
			isa = PBXResourcesBuildPhase;
			buildActionMask = 2147483647;
			files = (
				FDB1C4CC1AB0C4A100831BED /* Main.storyboard in Resources */,
				3B0B9D6A1ABCA2A7004E25EE /* userData.plist in Resources */,
				3BD7E9441AB75B1D00238ECE /* Images.xcassets in Resources */,
				FDB1C4D11AB0C4A100831BED /* LaunchScreen.xib in Resources */,
				C9A186DB1AD3933D00615C0D /* PopDateViewController.xib in Resources */,
			);
			runOnlyForDeploymentPostprocessing = 0;
		};
		FDB1C4D41AB0C4A100831BED /* Resources */ = {
			isa = PBXResourcesBuildPhase;
			buildActionMask = 2147483647;
			files = (
			);
			runOnlyForDeploymentPostprocessing = 0;
		};
/* End PBXResourcesBuildPhase section */

/* Begin PBXSourcesBuildPhase section */
		FDB1C4BD1AB0C4A100831BED /* Sources */ = {
			isa = PBXSourcesBuildPhase;
			buildActionMask = 2147483647;
			files = (
				FDB1C4C91AB0C4A100831BED /* FirstVC.swift in Sources */,
				FDA8A79C1AB3704E00DF8ADB /* StudentVC.swift in Sources */,
				3B301A681AB73C1900665E2E /* FancyTabBar.m in Sources */,
				3B0B9D701ABCAEF3004E25EE /* StudDAO.swift in Sources */,
				B930CDC01ACDD37D00040F8A /* AddProfessorVC.swift in Sources */,
				3BAF09391AC0786900E2326C /* InfoGenericView.swift in Sources */,
				3BAF092D1AC0540400E2326C /* TaskCell.swift in Sources */,
				FD80C5E41AB9E64F00356413 /* SubjectInfoVC.swift in Sources */,
				3B720B831AB771E200C463E8 /* HorizontalTableView.swift in Sources */,
				3BD92D641AC1E9E7001F2B27 /* NoteDAO.swift in Sources */,
				3B2CD4E31ABCCA750085FECB /* SubjectModel.swift in Sources */,
				B9CADCC01AD0F8BD00D31780 /* AddTaskView.swift in Sources */,
				B9B0D02A1AD19CDA00C9CDB3 /* AddSubjectView.swift in Sources */,
				3BAF09331AC05C4E00E2326C /* CollectionCellGeneric.swift in Sources */,
				3B301A6B1AB73C1900665E2E /* UIImage+ImageEffects.m in Sources */,
				3BAF092F1AC058F500E2326C /* CollectionGeneric.swift in Sources */,
				B9C3661E1AC5F1AD007D6567 /* NotesListVC.swift in Sources */,
				3B72BABA1AC50BE5004A1F67 /* FirstView.swift in Sources */,
				3B301A651AB73C1900665E2E /* Coordinate.m in Sources */,
				3B99BF121AC59BD200DE1612 /* TaskModel.swift in Sources */,
				C91CF2DA1ACB3177003B50EA /* TaskDAO.swift in Sources */,
				3BDCB14B1AC61C9400865AFC /* OptionsView.swift in Sources */,
				FD0F47DA1AD09B21007AA029 /* ImagePickVC.swift in Sources */,
				3BAF093F1AC093D900E2326C /* StudentCell.swift in Sources */,
				3BAF093B1AC0816200E2326C /* InfoCellGeneric.swift in Sources */,
				C9A186DA1AD3933D00615C0D /* PopDateViewController.swift in Sources */,
				3BAF09431AC0AB8A00E2326C /* SubjectDAO.swift in Sources */,
				B9CADCBE1AD0F89200D31780 /* AddTaskVC.swift in Sources */,
				3B60529C1ABC828000076DB9 /* ProfessorDAO.swift in Sources */,
				FD80C5E21AB9E64F00356413 /* AddNotesVC.swift in Sources */,
				3B301A6C1AB73C1900665E2E /* UIView+Screenshot.m in Sources */,
				FD80C5E51AB9E64F00356413 /* SubjectsVC.swift in Sources */,
				C9A186D91AD3933D00615C0D /* PopDatePicker.swift in Sources */,
				3B453BDF1AB8CDCC006F9C05 /* TaskVC.swift in Sources */,
				3BD92D681AC1F82A001F2B27 /* AddNoteView.swift in Sources */,
				3B60529E1ABC839900076DB9 /* ProfessorModel.swift in Sources */,
				3BAF093D1AC08B0500E2326C /* StudentView.swift in Sources */,
				FD248C1F1ABE2AAD00E27DCC /* ProfessorsVC.swift in Sources */,
				3BD92D661AC1EB39001F2B27 /* NoteModel.swift in Sources */,
				FD0F47DC1AD0CC7E007AA029 /* AddProfessorView.swift in Sources */,
				3B2CD4E11ABCC3980085FECB /* Extensions.swift in Sources */,
				3BBA49A61AC716DE00785F44 /* NotesListView.swift in Sources */,
				3BF68A2D1ACC8CDA0082CD54 /* StudUtils.swift in Sources */,
				FDB1C4C71AB0C4A100831BED /* AppDelegate.swift in Sources */,
				3BDCB1491AC6184500865AFC /* StudNC.swift in Sources */,
				3BAF092B1AC04F9C00E2326C /* TaskView.swift in Sources */,
				FD248C1E1ABE2AAD00E27DCC /* ProfessorInfoVC.swift in Sources */,
				FD0F8EBD1AD421DA00394097 /* AddSubjectVC.swift in Sources */,
			);
			runOnlyForDeploymentPostprocessing = 0;
		};
		FDB1C4D21AB0C4A100831BED /* Sources */ = {
			isa = PBXSourcesBuildPhase;
			buildActionMask = 2147483647;
			files = (
			);
			runOnlyForDeploymentPostprocessing = 0;
		};
/* End PBXSourcesBuildPhase section */

/* Begin PBXTargetDependency section */
		FDB1C4D81AB0C4A100831BED /* PBXTargetDependency */ = {
			isa = PBXTargetDependency;
			target = FDB1C4C01AB0C4A100831BED /* Stud */;
			targetProxy = FDB1C4D71AB0C4A100831BED /* PBXContainerItemProxy */;
		};
/* End PBXTargetDependency section */

/* Begin PBXVariantGroup section */
		FDB1C4CA1AB0C4A100831BED /* Main.storyboard */ = {
			isa = PBXVariantGroup;
			children = (
				FDB1C4CB1AB0C4A100831BED /* Base */,
			);
			name = Main.storyboard;
			sourceTree = "<group>";
		};
		FDB1C4CF1AB0C4A100831BED /* LaunchScreen.xib */ = {
			isa = PBXVariantGroup;
			children = (
				FDB1C4D01AB0C4A100831BED /* Base */,
			);
			name = LaunchScreen.xib;
			sourceTree = "<group>";
		};
/* End PBXVariantGroup section */

/* Begin XCBuildConfiguration section */
		FDB1C4DE1AB0C4A100831BED /* Debug */ = {
			isa = XCBuildConfiguration;
			buildSettings = {
				ALWAYS_SEARCH_USER_PATHS = NO;
				CLANG_CXX_LANGUAGE_STANDARD = "gnu++0x";
				CLANG_CXX_LIBRARY = "libc++";
				CLANG_ENABLE_MODULES = YES;
				CLANG_ENABLE_OBJC_ARC = YES;
				CLANG_WARN_BOOL_CONVERSION = YES;
				CLANG_WARN_CONSTANT_CONVERSION = YES;
				CLANG_WARN_DIRECT_OBJC_ISA_USAGE = YES_ERROR;
				CLANG_WARN_EMPTY_BODY = YES;
				CLANG_WARN_ENUM_CONVERSION = YES;
				CLANG_WARN_INT_CONVERSION = YES;
				CLANG_WARN_OBJC_ROOT_CLASS = YES_ERROR;
				CLANG_WARN_UNREACHABLE_CODE = YES;
				CLANG_WARN__DUPLICATE_METHOD_MATCH = YES;
				"CODE_SIGN_IDENTITY[sdk=iphoneos*]" = "iPhone Developer";
				COPY_PHASE_STRIP = NO;
				ENABLE_STRICT_OBJC_MSGSEND = YES;
				GCC_C_LANGUAGE_STANDARD = gnu99;
				GCC_DYNAMIC_NO_PIC = NO;
				GCC_OPTIMIZATION_LEVEL = 0;
				GCC_PREPROCESSOR_DEFINITIONS = (
					"DEBUG=1",
					"$(inherited)",
				);
				GCC_SYMBOLS_PRIVATE_EXTERN = NO;
				GCC_WARN_64_TO_32_BIT_CONVERSION = YES;
				GCC_WARN_ABOUT_RETURN_TYPE = YES_ERROR;
				GCC_WARN_UNDECLARED_SELECTOR = YES;
				GCC_WARN_UNINITIALIZED_AUTOS = YES_AGGRESSIVE;
				GCC_WARN_UNUSED_FUNCTION = YES;
				GCC_WARN_UNUSED_VARIABLE = YES;
				IPHONEOS_DEPLOYMENT_TARGET = 8.1;
				MTL_ENABLE_DEBUG_INFO = YES;
				ONLY_ACTIVE_ARCH = YES;
				SDKROOT = iphoneos;
				SWIFT_OPTIMIZATION_LEVEL = "-Onone";
				TARGETED_DEVICE_FAMILY = "1,2";
			};
			name = Debug;
		};
		FDB1C4DF1AB0C4A100831BED /* Release */ = {
			isa = XCBuildConfiguration;
			buildSettings = {
				ALWAYS_SEARCH_USER_PATHS = NO;
				CLANG_CXX_LANGUAGE_STANDARD = "gnu++0x";
				CLANG_CXX_LIBRARY = "libc++";
				CLANG_ENABLE_MODULES = YES;
				CLANG_ENABLE_OBJC_ARC = YES;
				CLANG_WARN_BOOL_CONVERSION = YES;
				CLANG_WARN_CONSTANT_CONVERSION = YES;
				CLANG_WARN_DIRECT_OBJC_ISA_USAGE = YES_ERROR;
				CLANG_WARN_EMPTY_BODY = YES;
				CLANG_WARN_ENUM_CONVERSION = YES;
				CLANG_WARN_INT_CONVERSION = YES;
				CLANG_WARN_OBJC_ROOT_CLASS = YES_ERROR;
				CLANG_WARN_UNREACHABLE_CODE = YES;
				CLANG_WARN__DUPLICATE_METHOD_MATCH = YES;
				"CODE_SIGN_IDENTITY[sdk=iphoneos*]" = "iPhone Developer";
				COPY_PHASE_STRIP = YES;
				ENABLE_NS_ASSERTIONS = NO;
				ENABLE_STRICT_OBJC_MSGSEND = YES;
				GCC_C_LANGUAGE_STANDARD = gnu99;
				GCC_WARN_64_TO_32_BIT_CONVERSION = YES;
				GCC_WARN_ABOUT_RETURN_TYPE = YES_ERROR;
				GCC_WARN_UNDECLARED_SELECTOR = YES;
				GCC_WARN_UNINITIALIZED_AUTOS = YES_AGGRESSIVE;
				GCC_WARN_UNUSED_FUNCTION = YES;
				GCC_WARN_UNUSED_VARIABLE = YES;
				IPHONEOS_DEPLOYMENT_TARGET = 8.1;
				MTL_ENABLE_DEBUG_INFO = NO;
				SDKROOT = iphoneos;
				TARGETED_DEVICE_FAMILY = "1,2";
				VALIDATE_PRODUCT = YES;
			};
			name = Release;
		};
		FDB1C4E11AB0C4A100831BED /* Debug */ = {
			isa = XCBuildConfiguration;
			buildSettings = {
				ASSETCATALOG_COMPILER_APPICON_NAME = AppIcon;
				CLANG_ENABLE_MODULES = YES;
				CODE_SIGN_IDENTITY = "iPhone Developer";
				"CODE_SIGN_IDENTITY[sdk=iphoneos*]" = "iPhone Developer";
				INFOPLIST_FILE = EduOrganizer/Info.plist;
				IPHONEOS_DEPLOYMENT_TARGET = 8.0;
				LD_RUNPATH_SEARCH_PATHS = "$(inherited) @executable_path/Frameworks";
				PRODUCT_NAME = Stud;
				PROVISIONING_PROFILE = "";
				SWIFT_OBJC_BRIDGING_HEADER = "EduOrganizer/EduOrganizer-Bridging-Header.h";
				SWIFT_OPTIMIZATION_LEVEL = "-Onone";
			};
			name = Debug;
		};
		FDB1C4E21AB0C4A100831BED /* Release */ = {
			isa = XCBuildConfiguration;
			buildSettings = {
				ASSETCATALOG_COMPILER_APPICON_NAME = AppIcon;
				CLANG_ENABLE_MODULES = YES;
				CODE_SIGN_IDENTITY = "iPhone Developer";
				"CODE_SIGN_IDENTITY[sdk=iphoneos*]" = "iPhone Developer";
				INFOPLIST_FILE = EduOrganizer/Info.plist;
				IPHONEOS_DEPLOYMENT_TARGET = 8.0;
				LD_RUNPATH_SEARCH_PATHS = "$(inherited) @executable_path/Frameworks";
				PRODUCT_NAME = Stud;
				PROVISIONING_PROFILE = "";
				SWIFT_OBJC_BRIDGING_HEADER = "EduOrganizer/EduOrganizer-Bridging-Header.h";
			};
			name = Release;
		};
		FDB1C4E41AB0C4A100831BED /* Debug */ = {
			isa = XCBuildConfiguration;
			buildSettings = {
				BUNDLE_LOADER = "$(TEST_HOST)";
				FRAMEWORK_SEARCH_PATHS = (
					"$(SDKROOT)/Developer/Library/Frameworks",
					"$(inherited)",
				);
				GCC_PREPROCESSOR_DEFINITIONS = (
					"DEBUG=1",
					"$(inherited)",
				);
				INFOPLIST_FILE = EduOrganizerTests/Info.plist;
				LD_RUNPATH_SEARCH_PATHS = "$(inherited) @executable_path/Frameworks @loader_path/Frameworks";
				PRODUCT_NAME = StudTests;
				TEST_HOST = "$(BUILT_PRODUCTS_DIR)/EduOrganizer.app/EduOrganizer";
			};
			name = Debug;
		};
		FDB1C4E51AB0C4A100831BED /* Release */ = {
			isa = XCBuildConfiguration;
			buildSettings = {
				BUNDLE_LOADER = "$(TEST_HOST)";
				FRAMEWORK_SEARCH_PATHS = (
					"$(SDKROOT)/Developer/Library/Frameworks",
					"$(inherited)",
				);
				INFOPLIST_FILE = EduOrganizerTests/Info.plist;
				LD_RUNPATH_SEARCH_PATHS = "$(inherited) @executable_path/Frameworks @loader_path/Frameworks";
				PRODUCT_NAME = StudTests;
				TEST_HOST = "$(BUILT_PRODUCTS_DIR)/EduOrganizer.app/EduOrganizer";
			};
			name = Release;
		};
/* End XCBuildConfiguration section */

/* Begin XCConfigurationList section */
		FDB1C4BC1AB0C4A100831BED /* Build configuration list for PBXProject "Stud" */ = {
			isa = XCConfigurationList;
			buildConfigurations = (
				FDB1C4DE1AB0C4A100831BED /* Debug */,
				FDB1C4DF1AB0C4A100831BED /* Release */,
			);
			defaultConfigurationIsVisible = 0;
			defaultConfigurationName = Release;
		};
		FDB1C4E01AB0C4A100831BED /* Build configuration list for PBXNativeTarget "Stud" */ = {
			isa = XCConfigurationList;
			buildConfigurations = (
				FDB1C4E11AB0C4A100831BED /* Debug */,
				FDB1C4E21AB0C4A100831BED /* Release */,
			);
			defaultConfigurationIsVisible = 0;
			defaultConfigurationName = Release;
		};
		FDB1C4E31AB0C4A100831BED /* Build configuration list for PBXNativeTarget "StudTests" */ = {
			isa = XCConfigurationList;
			buildConfigurations = (
				FDB1C4E41AB0C4A100831BED /* Debug */,
				FDB1C4E51AB0C4A100831BED /* Release */,
			);
			defaultConfigurationIsVisible = 0;
			defaultConfigurationName = Release;
		};
/* End XCConfigurationList section */
	};
	rootObject = FDB1C4B91AB0C4A100831BED /* Project object */;
}
